
Microsoft Visual Studio Solution File, Format Version 12.00
# Visual Studio Version 16
VisualStudioVersion = 16.0.30011.22
MinimumVisualStudioVersion = 10.0.40219.1
Project("{FAE04EC0-301F-11D3-BF4B-00C04F79EFBC}") = "UDPReceiver", "UDPReceiver\UDPReceiver.csproj", "{FF940388-D534-40D2-B5EF-2FAFCE1877B4}"
EndProject
Global
	GlobalSection(SolutionConfigurationPlatforms) = preSolution
		Debug|Any CPU = Debug|Any CPU
		Release|Any CPU = Release|Any CPU
	EndGlobalSection
	GlobalSection(ProjectConfigurationPlatforms) = postSolution
		{FF940388-D534-40D2-B5EF-2FAFCE1877B4}.Debug|Any CPU.ActiveCfg = Debug|Any CPU
		{FF940388-D534-40D2-B5EF-2FAFCE1877B4}.Debug|Any CPU.Build.0 = Debug|Any CPU
		{FF940388-D534-40D2-B5EF-2FAFCE1877B4}.Release|Any CPU.ActiveCfg = Release|Any CPU
		{FF940388-D534-40D2-B5EF-2FAFCE1877B4}.Release|Any CPU.Build.0 = Release|Any CPU
	EndGlobalSection
	GlobalSection(SolutionProperties) = preSolution
		HideSolutionNode = FALSE
	EndGlobalSection
	GlobalSection(ExtensibilityGlobals) = postSolution
		SolutionGuid = {EE57F04C-3C30-4864-B635-2FAED69C2462}
	EndGlobalSection
EndGlobal
